
Microsoft Visual Studio Solution File, Format Version 12.00
# Visual Studio Version 16
VisualStudioVersion = 16.0.32228.343
MinimumVisualStudioVersion = 10.0.40219.1
Project("{FAE04EC0-301F-11D3-BF4B-00C04F79EFBC}") = "30SecondsGame", "30SecondsGame\30SecondsGame.csproj", "{971383E9-7FEC-4EBC-A947-C922BF400516}"
EndProject
Global
	GlobalSection(SolutionConfigurationPlatforms) = preSolution
		Debug|Any CPU = Debug|Any CPU
		Release|Any CPU = Release|Any CPU
	EndGlobalSection
	GlobalSection(ProjectConfigurationPlatforms) = postSolution
		{971383E9-7FEC-4EBC-A947-C922BF400516}.Debug|Any CPU.ActiveCfg = Debug|Any CPU
		{971383E9-7FEC-4EBC-A947-C922BF400516}.Debug|Any CPU.Build.0 = Debug|Any CPU
		{971383E9-7FEC-4EBC-A947-C922BF400516}.Release|Any CPU.ActiveCfg = Release|Any CPU
		{971383E9-7FEC-4EBC-A947-C922BF400516}.Release|Any CPU.Build.0 = Release|Any CPU
	EndGlobalSection
	GlobalSection(SolutionProperties) = preSolution
		HideSolutionNode = FALSE
	EndGlobalSection
	GlobalSection(ExtensibilityGlobals) = postSolution
		SolutionGuid = {3B0E4523-D6EE-4D1D-A9C4-EC0406DC620E}
	EndGlobalSection
EndGlobal
